{
  "version": 4,
  "terraform_version": "1.13.4",
  "serial": 258,
  "lineage": "b4f546eb-a5b5-fd2c-3cce-8516d5cf029d",
  "outputs": {
    "s3_bucket_name": {
      "value": "media-downloader-bot-yadid",
      "type": "string"
    },
    "set_webhook_command": {
      "value": "curl -X POST 'https://api.telegram.org/bot8402781125:AAGupJ86ungIXWmsbT2qOLXXa_1AyU6uQkI/setWebhook?url=https://nldjueg3sweuaq5mngu33aq3sy0ttdcd.lambda-url.us-east-1.on.aws/\u0026secret_token=e03b7ecce66c2fa5bf9d0c2519cf32e585dd831307f59852e67d2e6cbc5bb01b'",
      "type": "string",
      "sensitive": true
    },
    "webhook_url": {
      "value": "https://nldjueg3sweuaq5mngu33aq3sy0ttdcd.lambda-url.us-east-1.on.aws/",
      "type": "string"
    }
  },
  "resources": [
    {
      "mode": "data",
      "type": "archive_file",
      "name": "processor",
      "provider": "provider[\"registry.terraform.io/hashicorp/archive\"]",
      "instances": [
        {
          "schema_version": 0,
          "attributes": {
            "exclude_symlink_directories": null,
            "excludes": null,
            "id": "cccf48ac75a9349482cf247468579e6a01cbe340",
            "output_base64sha256": "B08NPPDWOQPJoniJtvkhfYQh37THLKBxGc/W3QJaSeM=",
            "output_base64sha512": "CV98DyeAvMcVSnqTPQZHGYiHoTTxIA8HCUZlq3kGpZIXwk2iqUqm80HPteVp4EnMf+MWqQHtmMBrALwuq8qrzQ==",
            "output_file_mode": null,
            "output_md5": "d22129af5cc12d3ee40f9267568ce184",
            "output_path": "./.builds/processor.zip",
            "output_sha": "cccf48ac75a9349482cf247468579e6a01cbe340",
            "output_sha256": "074f0d3cf0d63903c9a27889b6f9217d8421dfb4c72ca07119cfd6dd025a49e3",
            "output_sha512": "095f7c0f2780bcc7154a7a933d0647198887a134f1200f07094665ab7906a59217c24da2a94aa6f341cfb5e569e049cc7fe316a901ed98c06b00bc2eabcaabcd",
            "output_size": 5785,
            "source": [],
            "source_content": null,
            "source_content_filename": null,
            "source_dir": "./../src/processor",
            "source_file": null,
            "type": "zip"
          },
          "sensitive_attributes": [],
          "identity_schema_version": 0
        }
      ]
    },
    {
      "mode": "data",
      "type": "archive_file",
      "name": "webhook",
      "provider": "provider[\"registry.terraform.io/hashicorp/archive\"]",
      "instances": [
        {
          "schema_version": 0,
          "attributes": {
            "exclude_symlink_directories": null,
            "excludes": null,
            "id": "90238ce4e5e3f7e2f2ef2b16a80b8b4c00b8d97d",
            "output_base64sha256": "wzMpc5ISe3N/xWdyRH1rrqIyLLX2sUyk4RD2FhpA9rk=",
            "output_base64sha512": "bXUvZ22bLcAkwHgiHOCJQXvwgruRGYrXSZ5xlN6gpRCF3+eEZ6vTcq0oubi8vmKqOF3qzFFFLdWdmp/JYsdvhA==",
            "output_file_mode": null,
            "output_md5": "9c720af4fe6f84d67470e746564299fe",
            "output_path": "./.builds/webhook.zip",
            "output_sha": "90238ce4e5e3f7e2f2ef2b16a80b8b4c00b8d97d",
            "output_sha256": "c333297392127b737fc56772447d6baea2322cb5f6b14ca4e110f6161a40f6b9",
            "output_sha512": "6d752f676d9b2dc024c078221ce089417bf082bb91198ad7499e7194dea0a51085dfe78467abd372ad28b9b8bcbe62aa385deacc51452dd59d9a9fc962c76f84",
            "output_size": 5022,
            "source": [],
            "source_content": null,
            "source_content_filename": null,
            "source_dir": "./../src/webhook",
            "source_file": null,
            "type": "zip"
          },
          "sensitive_attributes": [],
          "identity_schema_version": 0
        }
      ]
    },
    {
      "mode": "managed",
      "type": "aws_cloudwatch_log_group",
      "name": "processor",
      "provider": "provider[\"registry.terraform.io/hashicorp/aws\"]",
      "instances": [
        {
          "schema_version": 0,
          "attributes": {
            "arn": "arn:aws:logs:us-east-1:126623035404:log-group:/aws/lambda/media-downloader-processor",
            "id": "/aws/lambda/media-downloader-processor",
            "kms_key_id": "",
            "log_group_class": "STANDARD",
            "name": "/aws/lambda/media-downloader-processor",
            "name_prefix": "",
            "retention_in_days": 14,
            "skip_destroy": false,
            "tags": {},
            "tags_all": {
              "ManagedBy": "terraform",
              "Project": "media-downloader-bot"
            }
          },
          "sensitive_attributes": [],
          "identity_schema_version": 0,
          "private": "bnVsbA==",
          "dependencies": [
            "aws_dynamodb_table.active_downloads",
            "aws_dynamodb_table.files",
            "aws_dynamodb_table.users",
            "aws_iam_role.processor_lambda",
            "aws_lambda_function.processor",
            "aws_lambda_layer_version.ytdlp",
            "aws_s3_bucket.media",
            "aws_s3_object.ytdlp_layer",
            "aws_secretsmanager_secret.instagram_cookies",
            "aws_secretsmanager_secret.youtube_cookies",
            "data.archive_file.processor"
          ]
        }
      ]
    },
    {
      "mode": "managed",
      "type": "aws_cloudwatch_log_group",
      "name": "webhook",
      "provider": "provider[\"registry.terraform.io/hashicorp/aws\"]",
      "instances": [
        {
          "schema_version": 0,
          "attributes": {
            "arn": "arn:aws:logs:us-east-1:126623035404:log-group:/aws/lambda/media-downloader-webhook",
            "id": "/aws/lambda/media-downloader-webhook",
            "kms_key_id": "",
            "log_group_class": "STANDARD",
            "name": "/aws/lambda/media-downloader-webhook",
            "name_prefix": "",
            "retention_in_days": 14,
            "skip_destroy": false,
            "tags": {},
            "tags_all": {
              "ManagedBy": "terraform",
              "Project": "media-downloader-bot"
            }
          },
          "sensitive_attributes": [],
          "identity_schema_version": 0,
          "private": "bnVsbA==",
          "dependencies": [
            "aws_dynamodb_table.active_downloads",
            "aws_dynamodb_table.files",
            "aws_dynamodb_table.users",
            "aws_iam_role.webhook_lambda",
            "aws_lambda_function.webhook",
            "aws_sqs_queue.download_queue",
            "data.archive_file.webhook"
          ]
        }
      ]
    },
    {
      "mode": "managed",
      "type": "aws_dynamodb_table",
      "name": "active_downloads",
      "provider": "provider[\"registry.terraform.io/hashicorp/aws\"]",
      "instances": [
        {
          "schema_version": 1,
          "attributes": {
            "arn": "arn:aws:dynamodb:us-east-1:126623035404:table/media-downloader-active-downloads",
            "attribute": [
              {
                "name": "download_id",
                "type": "S"
              }
            ],
            "billing_mode": "PAY_PER_REQUEST",
            "deletion_protection_enabled": false,
            "global_secondary_index": [],
            "hash_key": "download_id",
            "id": "media-downloader-active-downloads",
            "import_table": [],
            "local_secondary_index": [],
            "name": "media-downloader-active-downloads",
            "on_demand_throughput": [],
            "point_in_time_recovery": [
              {
                "enabled": false,
                "recovery_period_in_days": 0
              }
            ],
            "range_key": null,
            "read_capacity": 0,
            "replica": [],
            "restore_date_time": null,
            "restore_source_name": null,
            "restore_source_table_arn": null,
            "restore_to_latest_time": null,
            "server_side_encryption": [],
            "stream_arn": "",
            "stream_enabled": false,
            "stream_label": "",
            "stream_view_type": "",
            "table_class": "STANDARD",
            "tags": {
              "Project": "media-downloader"
            },
            "tags_all": {
              "ManagedBy": "terraform",
              "Project": "media-downloader"
            },
            "timeouts": null,
            "ttl": [
              {
                "attribute_name": "ttl",
                "enabled": true
              }
            ],
            "write_capacity": 0
          },
          "sensitive_attributes": [],
          "identity_schema_version": 0,
          "private": "eyJlMmJmYjczMC1lY2FhLTExZTYtOGY4OC0zNDM2M2JjN2M0YzAiOnsiY3JlYXRlIjoxODAwMDAwMDAwMDAwLCJkZWxldGUiOjYwMDAwMDAwMDAwMCwidXBkYXRlIjozNjAwMDAwMDAwMDAwfSwic2NoZW1hX3ZlcnNpb24iOiIxIn0="
        }
      ]
    },
    {
      "mode": "managed",
      "type": "aws_dynamodb_table",
      "name": "files",
      "provider": "provider[\"registry.terraform.io/hashicorp/aws\"]",
      "instances": [
        {
          "schema_version": 1,
          "attributes": {
            "arn": "arn:aws:dynamodb:us-east-1:126623035404:table/media-downloader-files",
            "attribute": [
              {
                "name": "created_at",
                "type": "S"
              },
              {
                "name": "file_key",
                "type": "S"
              },
              {
                "name": "source_type",
                "type": "S"
              }
            ],
            "billing_mode": "PAY_PER_REQUEST",
            "deletion_protection_enabled": false,
            "global_secondary_index": [
              {
                "hash_key": "source_type",
                "name": "SourceTypeIndex",
                "non_key_attributes": [],
                "on_demand_throughput": [],
                "projection_type": "ALL",
                "range_key": "created_at",
                "read_capacity": 0,
                "write_capacity": 0
              }
            ],
            "hash_key": "file_key",
            "id": "media-downloader-files",
            "import_table": [],
            "local_secondary_index": [],
            "name": "media-downloader-files",
            "on_demand_throughput": [],
            "point_in_time_recovery": [
              {
                "enabled": false,
                "recovery_period_in_days": 0
              }
            ],
            "range_key": null,
            "read_capacity": 0,
            "replica": [],
            "restore_date_time": null,
            "restore_source_name": null,
            "restore_source_table_arn": null,
            "restore_to_latest_time": null,
            "server_side_encryption": [],
            "stream_arn": "",
            "stream_enabled": false,
            "stream_label": "",
            "stream_view_type": "",
            "table_class": "STANDARD",
            "tags": {
              "Project": "media-downloader"
            },
            "tags_all": {
              "ManagedBy": "terraform",
              "Project": "media-downloader"
            },
            "timeouts": null,
            "ttl": [
              {
                "attribute_name": "ttl",
                "enabled": true
              }
            ],
            "write_capacity": 0
          },
          "sensitive_attributes": [],
          "identity_schema_version": 0,
          "private": "eyJlMmJmYjczMC1lY2FhLTExZTYtOGY4OC0zNDM2M2JjN2M0YzAiOnsiY3JlYXRlIjoxODAwMDAwMDAwMDAwLCJkZWxldGUiOjYwMDAwMDAwMDAwMCwidXBkYXRlIjozNjAwMDAwMDAwMDAwfSwic2NoZW1hX3ZlcnNpb24iOiIxIn0="
        }
      ]
    },
    {
      "mode": "managed",
      "type": "aws_dynamodb_table",
      "name": "users",
      "provider": "provider[\"registry.terraform.io/hashicorp/aws\"]",
      "instances": [
        {
          "schema_version": 1,
          "attributes": {
            "arn": "arn:aws:dynamodb:us-east-1:126623035404:table/media-downloader-users",
            "attribute": [
              {
                "name": "username",
                "type": "S"
              }
            ],
            "billing_mode": "PAY_PER_REQUEST",
            "deletion_protection_enabled": false,
            "global_secondary_index": [],
            "hash_key": "username",
            "id": "media-downloader-users",
            "import_table": [],
            "local_secondary_index": [],
            "name": "media-downloader-users",
            "on_demand_throughput": [],
            "point_in_time_recovery": [
              {
                "enabled": false,
                "recovery_period_in_days": 0
              }
            ],
            "range_key": null,
            "read_capacity": 0,
            "replica": [],
            "restore_date_time": null,
            "restore_source_name": null,
            "restore_source_table_arn": null,
            "restore_to_latest_time": null,
            "server_side_encryption": [],
            "stream_arn": "",
            "stream_enabled": false,
            "stream_label": "",
            "stream_view_type": "",
            "table_class": "STANDARD",
            "tags": {
              "Project": "media-downloader"
            },
            "tags_all": {
              "ManagedBy": "terraform",
              "Project": "media-downloader"
            },
            "timeouts": null,
            "ttl": [
              {
                "attribute_name": "",
                "enabled": false
              }
            ],
            "write_capacity": 0
          },
          "sensitive_attributes": [],
          "identity_schema_version": 0,
          "private": "eyJlMmJmYjczMC1lY2FhLTExZTYtOGY4OC0zNDM2M2JjN2M0YzAiOnsiY3JlYXRlIjoxODAwMDAwMDAwMDAwLCJkZWxldGUiOjYwMDAwMDAwMDAwMCwidXBkYXRlIjozNjAwMDAwMDAwMDAwfSwic2NoZW1hX3ZlcnNpb24iOiIxIn0="
        }
      ]
    },
    {
      "mode": "managed",
      "type": "aws_iam_role",
      "name": "processor_lambda",
      "provider": "provider[\"registry.terraform.io/hashicorp/aws\"]",
      "instances": [
        {
          "schema_version": 0,
          "attributes": {
            "arn": "arn:aws:iam::126623035404:role/media-downloader-processor-role",
            "assume_role_policy": "{\"Statement\":[{\"Action\":\"sts:AssumeRole\",\"Effect\":\"Allow\",\"Principal\":{\"Service\":\"lambda.amazonaws.com\"}}],\"Version\":\"2012-10-17\"}",
            "create_date": "2026-01-08T08:19:22Z",
            "description": "",
            "force_detach_policies": false,
            "id": "media-downloader-processor-role",
            "inline_policy": [
              {
                "name": "processor-lambda-policy",
                "policy": "{\"Version\":\"2012-10-17\",\"Statement\":[{\"Action\":[\"logs:CreateLogGroup\",\"logs:CreateLogStream\",\"logs:PutLogEvents\"],\"Effect\":\"Allow\",\"Resource\":\"arn:aws:logs:*:*:*\"},{\"Action\":[\"sqs:ReceiveMessage\",\"sqs:DeleteMessage\",\"sqs:GetQueueAttributes\"],\"Effect\":\"Allow\",\"Resource\":\"arn:aws:sqs:us-east-1:126623035404:media-download-queue\"},{\"Action\":[\"s3:PutObject\",\"s3:GetObject\",\"s3:DeleteObject\"],\"Effect\":\"Allow\",\"Resource\":\"arn:aws:s3:::media-downloader-bot-yadid/*\"},{\"Action\":\"s3:ListBucket\",\"Effect\":\"Allow\",\"Resource\":\"arn:aws:s3:::media-downloader-bot-yadid\"},{\"Action\":\"secretsmanager:GetSecretValue\",\"Effect\":\"Allow\",\"Resource\":[\"arn:aws:secretsmanager:us-east-1:126623035404:secret:media-downloader/instagram-cookies-bBpW2o\",\"arn:aws:secretsmanager:us-east-1:126623035404:secret:media-downloader/youtube-cookies-KSIhjQ\"]},{\"Action\":[\"dynamodb:GetItem\",\"dynamodb:PutItem\",\"dynamodb:UpdateItem\",\"dynamodb:DeleteItem\",\"dynamodb:Scan\",\"dynamodb:Query\"],\"Effect\":\"Allow\",\"Resource\":[\"arn:aws:dynamodb:us-east-1:126623035404:table/media-downloader-users\",\"arn:aws:dynamodb:us-east-1:126623035404:table/media-downloader-files\",\"arn:aws:dynamodb:us-east-1:126623035404:table/media-downloader-files/index/*\",\"arn:aws:dynamodb:us-east-1:126623035404:table/media-downloader-active-downloads\"]}]}"
              }
            ],
            "managed_policy_arns": [],
            "max_session_duration": 3600,
            "name": "media-downloader-processor-role",
            "name_prefix": "",
            "path": "/",
            "permissions_boundary": "",
            "tags": {},
            "tags_all": {
              "ManagedBy": "terraform",
              "Project": "media-downloader-bot"
            },
            "unique_id": "AROAR262SGAGH7VVNTF2T"
          },
          "sensitive_attributes": [],
          "identity_schema_version": 0,
          "private": "bnVsbA=="
        }
      ]
    },
    {
      "mode": "managed",
      "type": "aws_iam_role",
      "name": "webhook_lambda",
      "provider": "provider[\"registry.terraform.io/hashicorp/aws\"]",
      "instances": [
        {
          "schema_version": 0,
          "attributes": {
            "arn": "arn:aws:iam::126623035404:role/media-downloader-webhook-role",
            "assume_role_policy": "{\"Statement\":[{\"Action\":\"sts:AssumeRole\",\"Effect\":\"Allow\",\"Principal\":{\"Service\":\"lambda.amazonaws.com\"}}],\"Version\":\"2012-10-17\"}",
            "create_date": "2026-01-08T08:19:22Z",
            "description": "",
            "force_detach_policies": false,
            "id": "media-downloader-webhook-role",
            "inline_policy": [
              {
                "name": "webhook-lambda-policy",
                "policy": "{\"Version\":\"2012-10-17\",\"Statement\":[{\"Action\":[\"logs:CreateLogGroup\",\"logs:CreateLogStream\",\"logs:PutLogEvents\"],\"Effect\":\"Allow\",\"Resource\":\"arn:aws:logs:*:*:*\"},{\"Action\":\"sqs:SendMessage\",\"Effect\":\"Allow\",\"Resource\":\"arn:aws:sqs:us-east-1:126623035404:media-download-queue\"},{\"Action\":[\"dynamodb:GetItem\",\"dynamodb:PutItem\",\"dynamodb:UpdateItem\",\"dynamodb:DeleteItem\",\"dynamodb:Scan\",\"dynamodb:Query\"],\"Effect\":\"Allow\",\"Resource\":[\"arn:aws:dynamodb:us-east-1:126623035404:table/media-downloader-users\",\"arn:aws:dynamodb:us-east-1:126623035404:table/media-downloader-files\",\"arn:aws:dynamodb:us-east-1:126623035404:table/media-downloader-files/index/*\",\"arn:aws:dynamodb:us-east-1:126623035404:table/media-downloader-active-downloads\"]}]}"
              }
            ],
            "managed_policy_arns": [],
            "max_session_duration": 3600,
            "name": "media-downloader-webhook-role",
            "name_prefix": "",
            "path": "/",
            "permissions_boundary": "",
            "tags": {},
            "tags_all": {
              "ManagedBy": "terraform",
              "Project": "media-downloader-bot"
            },
            "unique_id": "AROAR262SGAGDIN3L5GMW"
          },
          "sensitive_attributes": [],
          "identity_schema_version": 0,
          "private": "bnVsbA=="
        }
      ]
    },
    {
      "mode": "managed",
      "type": "aws_iam_role_policy",
      "name": "processor_lambda",
      "provider": "provider[\"registry.terraform.io/hashicorp/aws\"]",
      "instances": [
        {
          "schema_version": 0,
          "attributes": {
            "id": "media-downloader-processor-role:processor-lambda-policy",
            "name": "processor-lambda-policy",
            "name_prefix": "",
            "policy": "{\"Version\":\"2012-10-17\",\"Statement\":[{\"Action\":[\"logs:CreateLogGroup\",\"logs:CreateLogStream\",\"logs:PutLogEvents\"],\"Effect\":\"Allow\",\"Resource\":\"arn:aws:logs:*:*:*\"},{\"Action\":[\"sqs:ReceiveMessage\",\"sqs:DeleteMessage\",\"sqs:GetQueueAttributes\"],\"Effect\":\"Allow\",\"Resource\":\"arn:aws:sqs:us-east-1:126623035404:media-download-queue\"},{\"Action\":[\"s3:PutObject\",\"s3:GetObject\",\"s3:DeleteObject\"],\"Effect\":\"Allow\",\"Resource\":\"arn:aws:s3:::media-downloader-bot-yadid/*\"},{\"Action\":\"s3:ListBucket\",\"Effect\":\"Allow\",\"Resource\":\"arn:aws:s3:::media-downloader-bot-yadid\"},{\"Action\":\"secretsmanager:GetSecretValue\",\"Effect\":\"Allow\",\"Resource\":[\"arn:aws:secretsmanager:us-east-1:126623035404:secret:media-downloader/instagram-cookies-bBpW2o\",\"arn:aws:secretsmanager:us-east-1:126623035404:secret:media-downloader/youtube-cookies-KSIhjQ\"]},{\"Action\":[\"dynamodb:GetItem\",\"dynamodb:PutItem\",\"dynamodb:UpdateItem\",\"dynamodb:DeleteItem\",\"dynamodb:Scan\",\"dynamodb:Query\"],\"Effect\":\"Allow\",\"Resource\":[\"arn:aws:dynamodb:us-east-1:126623035404:table/media-downloader-users\",\"arn:aws:dynamodb:us-east-1:126623035404:table/media-downloader-files\",\"arn:aws:dynamodb:us-east-1:126623035404:table/media-downloader-files/index/*\",\"arn:aws:dynamodb:us-east-1:126623035404:table/media-downloader-active-downloads\"]}]}",
            "role": "media-downloader-processor-role"
          },
          "sensitive_attributes": [],
          "identity_schema_version": 0,
          "private": "bnVsbA==",
          "dependencies": [
            "aws_dynamodb_table.active_downloads",
            "aws_dynamodb_table.files",
            "aws_dynamodb_table.users",
            "aws_iam_role.processor_lambda",
            "aws_s3_bucket.media",
            "aws_secretsmanager_secret.instagram_cookies",
            "aws_secretsmanager_secret.youtube_cookies",
            "aws_sqs_queue.download_queue"
          ]
        }
      ]
    },
    {
      "mode": "managed",
      "type": "aws_iam_role_policy",
      "name": "webhook_lambda",
      "provider": "provider[\"registry.terraform.io/hashicorp/aws\"]",
      "instances": [
        {
          "schema_version": 0,
          "attributes": {
            "id": "media-downloader-webhook-role:webhook-lambda-policy",
            "name": "webhook-lambda-policy",
            "name_prefix": "",
            "policy": "{\"Version\":\"2012-10-17\",\"Statement\":[{\"Action\":[\"logs:CreateLogGroup\",\"logs:CreateLogStream\",\"logs:PutLogEvents\"],\"Effect\":\"Allow\",\"Resource\":\"arn:aws:logs:*:*:*\"},{\"Action\":\"sqs:SendMessage\",\"Effect\":\"Allow\",\"Resource\":\"arn:aws:sqs:us-east-1:126623035404:media-download-queue\"},{\"Action\":[\"dynamodb:GetItem\",\"dynamodb:PutItem\",\"dynamodb:UpdateItem\",\"dynamodb:DeleteItem\",\"dynamodb:Scan\",\"dynamodb:Query\"],\"Effect\":\"Allow\",\"Resource\":[\"arn:aws:dynamodb:us-east-1:126623035404:table/media-downloader-users\",\"arn:aws:dynamodb:us-east-1:126623035404:table/media-downloader-files\",\"arn:aws:dynamodb:us-east-1:126623035404:table/media-downloader-files/index/*\",\"arn:aws:dynamodb:us-east-1:126623035404:table/media-downloader-active-downloads\"]}]}",
            "role": "media-downloader-webhook-role"
          },
          "sensitive_attributes": [],
          "identity_schema_version": 0,
          "private": "bnVsbA==",
          "dependencies": [
            "aws_dynamodb_table.active_downloads",
            "aws_dynamodb_table.files",
            "aws_dynamodb_table.users",
            "aws_iam_role.webhook_lambda",
            "aws_sqs_queue.download_queue"
          ]
        }
      ]
    },
    {
      "mode": "managed",
      "type": "aws_lambda_event_source_mapping",
      "name": "processor_sqs",
      "provider": "provider[\"registry.terraform.io/hashicorp/aws\"]",
      "instances": [
        {
          "schema_version": 0,
          "attributes": {
            "amazon_managed_kafka_event_source_config": [],
            "arn": "arn:aws:lambda:us-east-1:126623035404:event-source-mapping:70000ad3-35f1-41d8-9f7c-ce9bd84e7ee3",
            "batch_size": 1,
            "bisect_batch_on_function_error": false,
            "destination_config": [],
            "document_db_event_source_config": [],
            "enabled": true,
            "event_source_arn": "arn:aws:sqs:us-east-1:126623035404:media-download-queue",
            "filter_criteria": [],
            "function_arn": "arn:aws:lambda:us-east-1:126623035404:function:media-downloader-processor",
            "function_name": "arn:aws:lambda:us-east-1:126623035404:function:media-downloader-processor",
            "function_response_types": [],
            "id": "70000ad3-35f1-41d8-9f7c-ce9bd84e7ee3",
            "kms_key_arn": "",
            "last_modified": "2026-01-08T08:21:57Z",
            "last_processing_result": "",
            "maximum_batching_window_in_seconds": 0,
            "maximum_record_age_in_seconds": 0,
            "maximum_retry_attempts": 0,
            "metrics_config": [],
            "parallelization_factor": 0,
            "provisioned_poller_config": [],
            "queues": [],
            "scaling_config": [],
            "self_managed_event_source": [],
            "self_managed_kafka_event_source_config": [],
            "source_access_configuration": [],
            "starting_position": "",
            "starting_position_timestamp": "",
            "state": "Enabled",
            "state_transition_reason": "USER_INITIATED",
            "tags": {},
            "tags_all": {
              "ManagedBy": "terraform",
              "Project": "media-downloader-bot"
            },
            "topics": [],
            "tumbling_window_in_seconds": 0,
            "uuid": "70000ad3-35f1-41d8-9f7c-ce9bd84e7ee3"
          },
          "sensitive_attributes": [],
          "identity_schema_version": 0,
          "private": "bnVsbA==",
          "dependencies": [
            "aws_dynamodb_table.active_downloads",
            "aws_dynamodb_table.files",
            "aws_dynamodb_table.users",
            "aws_iam_role.processor_lambda",
            "aws_lambda_function.processor",
            "aws_lambda_layer_version.ytdlp",
            "aws_s3_bucket.media",
            "aws_s3_object.ytdlp_layer",
            "aws_secretsmanager_secret.instagram_cookies",
            "aws_secretsmanager_secret.youtube_cookies",
            "aws_sqs_queue.download_queue",
            "data.archive_file.processor"
          ]
        }
      ]
    },
    {
      "mode": "managed",
      "type": "aws_lambda_function",
      "name": "processor",
      "provider": "provider[\"registry.terraform.io/hashicorp/aws\"]",
      "instances": [
        {
          "schema_version": 0,
          "attributes": {
            "architectures": [
              "x86_64"
            ],
            "arn": "arn:aws:lambda:us-east-1:126623035404:function:media-downloader-processor",
            "code_sha256": "B08NPPDWOQPJoniJtvkhfYQh37THLKBxGc/W3QJaSeM=",
            "code_signing_config_arn": "",
            "dead_letter_config": [],
            "description": "",
            "environment": [
              {
                "variables": {
                  "AWS_REGION_OVERRIDE": "us-east-1",
                  "DYNAMODB_ACTIVE_DOWNLOADS_TABLE": "media-downloader-active-downloads",
                  "DYNAMODB_FILES_TABLE": "media-downloader-files",
                  "DYNAMODB_TABLE_NAME": "media-downloader-users",
                  "INSTAGRAM_COOKIES_SECRET": "arn:aws:secretsmanager:us-east-1:126623035404:secret:media-downloader/instagram-cookies-bBpW2o",
                  "S3_BUCKET_NAME": "media-downloader-bot-yadid",
                  "TELEGRAM_BOT_TOKEN": "8402781125:AAGupJ86ungIXWmsbT2qOLXXa_1AyU6uQkI",
                  "YOUTUBE_COOKIES_SECRET": "arn:aws:secretsmanager:us-east-1:126623035404:secret:media-downloader/youtube-cookies-KSIhjQ",
                  "YOUTUBE_PROXY": "http://e6f40ae84246036a57ec:d8a964b297bfd31f@gw.dataimpulse.com:823"
                }
              }
            ],
            "ephemeral_storage": [
              {
                "size": 2048
              }
            ],
            "file_system_config": [],
            "filename": "./.builds/processor.zip",
            "function_name": "media-downloader-processor",
            "handler": "index.handler",
            "id": "media-downloader-processor",
            "image_config": [],
            "image_uri": "",
            "invoke_arn": "arn:aws:apigateway:us-east-1:lambda:path/2015-03-31/functions/arn:aws:lambda:us-east-1:126623035404:function:media-downloader-processor/invocations",
            "kms_key_arn": "",
            "last_modified": "2026-01-10T12:32:16.000+0000",
            "layers": [
              "arn:aws:lambda:us-east-1:126623035404:layer:yt-dlp-ffmpeg:37"
            ],
            "logging_config": [
              {
                "application_log_level": "",
                "log_format": "Text",
                "log_group": "/aws/lambda/media-downloader-processor",
                "system_log_level": ""
              }
            ],
            "memory_size": 1024,
            "package_type": "Zip",
            "publish": false,
            "qualified_arn": "arn:aws:lambda:us-east-1:126623035404:function:media-downloader-processor:$LATEST",
            "qualified_invoke_arn": "arn:aws:apigateway:us-east-1:lambda:path/2015-03-31/functions/arn:aws:lambda:us-east-1:126623035404:function:media-downloader-processor:$LATEST/invocations",
            "replace_security_groups_on_destroy": null,
            "replacement_security_group_ids": null,
            "reserved_concurrent_executions": -1,
            "role": "arn:aws:iam::126623035404:role/media-downloader-processor-role",
            "runtime": "nodejs22.x",
            "s3_bucket": null,
            "s3_key": null,
            "s3_object_version": null,
            "signing_job_arn": "",
            "signing_profile_version_arn": "",
            "skip_destroy": false,
            "snap_start": [],
            "source_code_hash": "B08NPPDWOQPJoniJtvkhfYQh37THLKBxGc/W3QJaSeM=",
            "source_code_size": 5785,
            "tags": {},
            "tags_all": {
              "ManagedBy": "terraform",
              "Project": "media-downloader-bot"
            },
            "timeout": 900,
            "timeouts": null,
            "tracing_config": [
              {
                "mode": "PassThrough"
              }
            ],
            "version": "$LATEST",
            "vpc_config": []
          },
          "sensitive_attributes": [
            [
              {
                "type": "get_attr",
                "value": "environment"
              },
              {
                "type": "index",
                "value": {
                  "value": 0,
                  "type": "number"
                }
              },
              {
                "type": "get_attr",
                "value": "variables"
              },
              {
                "type": "index",
                "value": {
                  "value": "TELEGRAM_BOT_TOKEN",
                  "type": "string"
                }
              }
            ],
            [
              {
                "type": "get_attr",
                "value": "environment"
              },
              {
                "type": "index",
                "value": {
                  "value": 0,
                  "type": "number"
                }
              },
              {
                "type": "get_attr",
                "value": "variables"
              },
              {
                "type": "index",
                "value": {
                  "value": "YOUTUBE_PROXY",
                  "type": "string"
                }
              }
            ]
          ],
          "identity_schema_version": 0,
          "private": "eyJlMmJmYjczMC1lY2FhLTExZTYtOGY4OC0zNDM2M2JjN2M0YzAiOnsiY3JlYXRlIjo2MDAwMDAwMDAwMDAsImRlbGV0ZSI6NjAwMDAwMDAwMDAwLCJ1cGRhdGUiOjYwMDAwMDAwMDAwMH19",
          "dependencies": [
            "aws_dynamodb_table.active_downloads",
            "aws_dynamodb_table.files",
            "aws_dynamodb_table.users",
            "aws_iam_role.processor_lambda",
            "aws_lambda_layer_version.ytdlp",
            "aws_s3_bucket.media",
            "aws_s3_object.ytdlp_layer",
            "aws_secretsmanager_secret.instagram_cookies",
            "aws_secretsmanager_secret.youtube_cookies",
            "data.archive_file.processor"
          ]
        }
      ]
    },
    {
      "mode": "managed",
      "type": "aws_lambda_function",
      "name": "webhook",
      "provider": "provider[\"registry.terraform.io/hashicorp/aws\"]",
      "instances": [
        {
          "schema_version": 0,
          "attributes": {
            "architectures": [
              "x86_64"
            ],
            "arn": "arn:aws:lambda:us-east-1:126623035404:function:media-downloader-webhook",
            "code_sha256": "wzMpc5ISe3N/xWdyRH1rrqIyLLX2sUyk4RD2FhpA9rk=",
            "code_signing_config_arn": "",
            "dead_letter_config": [],
            "description": "",
            "environment": [
              {
                "variables": {
                  "DYNAMODB_ACTIVE_DOWNLOADS_TABLE": "media-downloader-active-downloads",
                  "DYNAMODB_FILES_TABLE": "media-downloader-files",
                  "DYNAMODB_TABLE_NAME": "media-downloader-users",
                  "SQS_QUEUE_URL": "https://sqs.us-east-1.amazonaws.com/126623035404/media-download-queue",
                  "TELEGRAM_ADMIN_USERNAME": "yadidians",
                  "TELEGRAM_BOT_TOKEN": "8402781125:AAGupJ86ungIXWmsbT2qOLXXa_1AyU6uQkI",
                  "TELEGRAM_WEBHOOK_SECRET": "e03b7ecce66c2fa5bf9d0c2519cf32e585dd831307f59852e67d2e6cbc5bb01b"
                }
              }
            ],
            "ephemeral_storage": [
              {
                "size": 512
              }
            ],
            "file_system_config": [],
            "filename": "./.builds/webhook.zip",
            "function_name": "media-downloader-webhook",
            "handler": "index.handler",
            "id": "media-downloader-webhook",
            "image_config": [],
            "image_uri": "",
            "invoke_arn": "arn:aws:apigateway:us-east-1:lambda:path/2015-03-31/functions/arn:aws:lambda:us-east-1:126623035404:function:media-downloader-webhook/invocations",
            "kms_key_arn": "",
            "last_modified": "2026-01-10T12:31:39.000+0000",
            "layers": [],
            "logging_config": [
              {
                "application_log_level": "",
                "log_format": "Text",
                "log_group": "/aws/lambda/media-downloader-webhook",
                "system_log_level": ""
              }
            ],
            "memory_size": 256,
            "package_type": "Zip",
            "publish": false,
            "qualified_arn": "arn:aws:lambda:us-east-1:126623035404:function:media-downloader-webhook:$LATEST",
            "qualified_invoke_arn": "arn:aws:apigateway:us-east-1:lambda:path/2015-03-31/functions/arn:aws:lambda:us-east-1:126623035404:function:media-downloader-webhook:$LATEST/invocations",
            "replace_security_groups_on_destroy": null,
            "replacement_security_group_ids": null,
            "reserved_concurrent_executions": -1,
            "role": "arn:aws:iam::126623035404:role/media-downloader-webhook-role",
            "runtime": "nodejs22.x",
            "s3_bucket": null,
            "s3_key": null,
            "s3_object_version": null,
            "signing_job_arn": "",
            "signing_profile_version_arn": "",
            "skip_destroy": false,
            "snap_start": [],
            "source_code_hash": "wzMpc5ISe3N/xWdyRH1rrqIyLLX2sUyk4RD2FhpA9rk=",
            "source_code_size": 5022,
            "tags": {},
            "tags_all": {
              "ManagedBy": "terraform",
              "Project": "media-downloader-bot"
            },
            "timeout": 30,
            "timeouts": null,
            "tracing_config": [
              {
                "mode": "PassThrough"
              }
            ],
            "version": "$LATEST",
            "vpc_config": []
          },
          "sensitive_attributes": [
            [
              {
                "type": "get_attr",
                "value": "environment"
              },
              {
                "type": "index",
                "value": {
                  "value": 0,
                  "type": "number"
                }
              },
              {
                "type": "get_attr",
                "value": "variables"
              },
              {
                "type": "index",
                "value": {
                  "value": "TELEGRAM_BOT_TOKEN",
                  "type": "string"
                }
              }
            ],
            [
              {
                "type": "get_attr",
                "value": "environment"
              },
              {
                "type": "index",
                "value": {
                  "value": 0,
                  "type": "number"
                }
              },
              {
                "type": "get_attr",
                "value": "variables"
              },
              {
                "type": "index",
                "value": {
                  "value": "TELEGRAM_WEBHOOK_SECRET",
                  "type": "string"
                }
              }
            ]
          ],
          "identity_schema_version": 0,
          "private": "eyJlMmJmYjczMC1lY2FhLTExZTYtOGY4OC0zNDM2M2JjN2M0YzAiOnsiY3JlYXRlIjo2MDAwMDAwMDAwMDAsImRlbGV0ZSI6NjAwMDAwMDAwMDAwLCJ1cGRhdGUiOjYwMDAwMDAwMDAwMH19",
          "dependencies": [
            "aws_dynamodb_table.active_downloads",
            "aws_dynamodb_table.files",
            "aws_dynamodb_table.users",
            "aws_iam_role.webhook_lambda",
            "aws_sqs_queue.download_queue",
            "data.archive_file.webhook"
          ]
        }
      ]
    },
    {
      "mode": "managed",
      "type": "aws_lambda_function_url",
      "name": "webhook",
      "provider": "provider[\"registry.terraform.io/hashicorp/aws\"]",
      "instances": [
        {
          "schema_version": 0,
          "attributes": {
            "authorization_type": "NONE",
            "cors": [],
            "function_arn": "arn:aws:lambda:us-east-1:126623035404:function:media-downloader-webhook",
            "function_name": "media-downloader-webhook",
            "function_url": "https://nldjueg3sweuaq5mngu33aq3sy0ttdcd.lambda-url.us-east-1.on.aws/",
            "id": "media-downloader-webhook",
            "invoke_mode": "BUFFERED",
            "qualifier": "",
            "timeouts": null,
            "url_id": "nldjueg3sweuaq5mngu33aq3sy0ttdcd"
          },
          "sensitive_attributes": [],
          "identity_schema_version": 0,
          "private": "eyJlMmJmYjczMC1lY2FhLTExZTYtOGY4OC0zNDM2M2JjN2M0YzAiOnsiY3JlYXRlIjo2MDAwMDAwMDAwMDB9fQ==",
          "dependencies": [
            "aws_dynamodb_table.active_downloads",
            "aws_dynamodb_table.files",
            "aws_dynamodb_table.users",
            "aws_iam_role.webhook_lambda",
            "aws_lambda_function.webhook",
            "aws_sqs_queue.download_queue",
            "data.archive_file.webhook"
          ]
        }
      ]
    },
    {
      "mode": "managed",
      "type": "aws_lambda_layer_version",
      "name": "ytdlp",
      "provider": "provider[\"registry.terraform.io/hashicorp/aws\"]",
      "instances": [
        {
          "schema_version": 0,
          "attributes": {
            "arn": "arn:aws:lambda:us-east-1:126623035404:layer:yt-dlp-ffmpeg:37",
            "code_sha256": "RWG7mkGdGatVc5lLo/AJJienBEBkPXPa2nVe/0nuPeI=",
            "compatible_architectures": null,
            "compatible_runtimes": [
              "nodejs22.x"
            ],
            "created_date": "2026-01-10T12:32:09.713+0000",
            "description": "yt-dlp and ffmpeg binaries for media downloading",
            "filename": null,
            "id": "arn:aws:lambda:us-east-1:126623035404:layer:yt-dlp-ffmpeg:37",
            "layer_arn": "arn:aws:lambda:us-east-1:126623035404:layer:yt-dlp-ffmpeg",
            "layer_name": "yt-dlp-ffmpeg",
            "license_info": "",
            "s3_bucket": "media-downloader-bot-yadid",
            "s3_key": "layers/yt-dlp-ffmpeg.zip",
            "s3_object_version": "",
            "signing_job_arn": "",
            "signing_profile_version_arn": "",
            "skip_destroy": false,
            "source_code_hash": "",
            "source_code_size": 94766432,
            "version": "37"
          },
          "sensitive_attributes": [],
          "identity_schema_version": 0,
          "private": "bnVsbA==",
          "dependencies": [
            "aws_s3_bucket.media",
            "aws_s3_object.ytdlp_layer"
          ]
        }
      ]
    },
    {
      "mode": "managed",
      "type": "aws_s3_bucket",
      "name": "media",
      "provider": "provider[\"registry.terraform.io/hashicorp/aws\"]",
      "instances": [
        {
          "schema_version": 0,
          "attributes": {
            "acceleration_status": "",
            "acl": null,
            "arn": "arn:aws:s3:::media-downloader-bot-yadid",
            "bucket": "media-downloader-bot-yadid",
            "bucket_domain_name": "media-downloader-bot-yadid.s3.amazonaws.com",
            "bucket_prefix": "",
            "bucket_regional_domain_name": "media-downloader-bot-yadid.s3.us-east-1.amazonaws.com",
            "cors_rule": [],
            "force_destroy": false,
            "grant": [
              {
                "id": "8537e3ccfb1289b1604067289a6a30d3cea0dcfcee69cd685775c06da0b1d746",
                "permissions": [
                  "FULL_CONTROL"
                ],
                "type": "CanonicalUser",
                "uri": ""
              }
            ],
            "hosted_zone_id": "Z3AQBSTGFYJSTF",
            "id": "media-downloader-bot-yadid",
            "lifecycle_rule": [
              {
                "abort_incomplete_multipart_upload_days": 0,
                "enabled": true,
                "expiration": [
                  {
                    "date": "",
                    "days": 7,
                    "expired_object_delete_marker": false
                  }
                ],
                "id": "expire-after-7-days",
                "noncurrent_version_expiration": [],
                "noncurrent_version_transition": [],
                "prefix": "downloads/",
                "tags": {},
                "transition": []
              }
            ],
            "logging": [],
            "object_lock_configuration": [],
            "object_lock_enabled": false,
            "policy": "",
            "region": "us-east-1",
            "replication_configuration": [],
            "request_payer": "BucketOwner",
            "server_side_encryption_configuration": [
              {
                "rule": [
                  {
                    "apply_server_side_encryption_by_default": [
                      {
                        "kms_master_key_id": "",
                        "sse_algorithm": "AES256"
                      }
                    ],
                    "bucket_key_enabled": false
                  }
                ]
              }
            ],
            "tags": {},
            "tags_all": {
              "ManagedBy": "terraform",
              "Project": "media-downloader-bot"
            },
            "timeouts": null,
            "versioning": [
              {
                "enabled": false,
                "mfa_delete": false
              }
            ],
            "website": [],
            "website_domain": null,
            "website_endpoint": null
          },
          "sensitive_attributes": [],
          "identity_schema_version": 0,
          "private": "eyJlMmJmYjczMC1lY2FhLTExZTYtOGY4OC0zNDM2M2JjN2M0YzAiOnsiY3JlYXRlIjoxMjAwMDAwMDAwMDAwLCJkZWxldGUiOjM2MDAwMDAwMDAwMDAsInJlYWQiOjEyMDAwMDAwMDAwMDAsInVwZGF0ZSI6MTIwMDAwMDAwMDAwMH19"
        }
      ]
    },
    {
      "mode": "managed",
      "type": "aws_s3_bucket_lifecycle_configuration",
      "name": "media",
      "provider": "provider[\"registry.terraform.io/hashicorp/aws\"]",
      "instances": [
        {
          "schema_version": 1,
          "attributes": {
            "bucket": "media-downloader-bot-yadid",
            "expected_bucket_owner": "",
            "id": "media-downloader-bot-yadid",
            "rule": [
              {
                "abort_incomplete_multipart_upload": [],
                "expiration": [
                  {
                    "date": null,
                    "days": 7,
                    "expired_object_delete_marker": false
                  }
                ],
                "filter": [
                  {
                    "and": [],
                    "object_size_greater_than": null,
                    "object_size_less_than": null,
                    "prefix": "downloads/",
                    "tag": []
                  }
                ],
                "id": "expire-after-7-days",
                "noncurrent_version_expiration": [],
                "noncurrent_version_transition": [],
                "prefix": "",
                "status": "Enabled",
                "transition": []
              }
            ],
            "timeouts": null,
            "transition_default_minimum_object_size": "all_storage_classes_128K"
          },
          "sensitive_attributes": [],
          "identity_schema_version": 0,
          "dependencies": [
            "aws_s3_bucket.media"
          ]
        }
      ]
    },
    {
      "mode": "managed",
      "type": "aws_s3_bucket_public_access_block",
      "name": "media",
      "provider": "provider[\"registry.terraform.io/hashicorp/aws\"]",
      "instances": [
        {
          "schema_version": 0,
          "attributes": {
            "block_public_acls": true,
            "block_public_policy": true,
            "bucket": "media-downloader-bot-yadid",
            "id": "media-downloader-bot-yadid",
            "ignore_public_acls": true,
            "restrict_public_buckets": true
          },
          "sensitive_attributes": [],
          "identity_schema_version": 0,
          "private": "bnVsbA==",
          "dependencies": [
            "aws_s3_bucket.media"
          ]
        }
      ]
    },
    {
      "mode": "managed",
      "type": "aws_s3_object",
      "name": "ytdlp_layer",
      "provider": "provider[\"registry.terraform.io/hashicorp/aws\"]",
      "instances": [
        {
          "schema_version": 0,
          "attributes": {
            "acl": null,
            "arn": "arn:aws:s3:::media-downloader-bot-yadid/layers/yt-dlp-ffmpeg.zip",
            "bucket": "media-downloader-bot-yadid",
            "bucket_key_enabled": false,
            "cache_control": "",
            "checksum_algorithm": null,
            "checksum_crc32": "",
            "checksum_crc32c": "",
            "checksum_crc64nvme": "",
            "checksum_sha1": "",
            "checksum_sha256": "",
            "content": null,
            "content_base64": null,
            "content_disposition": "",
            "content_encoding": "",
            "content_language": "",
            "content_type": "binary/octet-stream",
            "etag": "ff68679bfc24ba58daaf4f0b023ff441-19",
            "force_destroy": false,
            "id": "layers/yt-dlp-ffmpeg.zip",
            "key": "layers/yt-dlp-ffmpeg.zip",
            "kms_key_id": null,
            "metadata": {},
            "object_lock_legal_hold_status": "",
            "object_lock_mode": "",
            "object_lock_retain_until_date": "",
            "override_provider": [],
            "server_side_encryption": "AES256",
            "source": "./../layers/yt-dlp/layer.zip",
            "source_hash": null,
            "storage_class": "STANDARD",
            "tags": {},
            "tags_all": {
              "ManagedBy": "terraform",
              "Project": "media-downloader-bot"
            },
            "version_id": "",
            "website_redirect": ""
          },
          "sensitive_attributes": [],
          "identity_schema_version": 0,
          "private": "bnVsbA==",
          "dependencies": [
            "aws_s3_bucket.media"
          ]
        }
      ]
    },
    {
      "mode": "managed",
      "type": "aws_secretsmanager_secret",
      "name": "instagram_cookies",
      "provider": "provider[\"registry.terraform.io/hashicorp/aws\"]",
      "instances": [
        {
          "schema_version": 0,
          "attributes": {
            "arn": "arn:aws:secretsmanager:us-east-1:126623035404:secret:media-downloader/instagram-cookies-bBpW2o",
            "description": "",
            "force_overwrite_replica_secret": false,
            "id": "arn:aws:secretsmanager:us-east-1:126623035404:secret:media-downloader/instagram-cookies-bBpW2o",
            "kms_key_id": "",
            "name": "media-downloader/instagram-cookies",
            "name_prefix": "",
            "policy": "",
            "recovery_window_in_days": 0,
            "replica": [],
            "tags": {},
            "tags_all": {
              "ManagedBy": "terraform",
              "Project": "media-downloader-bot"
            }
          },
          "sensitive_attributes": [],
          "identity_schema_version": 0,
          "private": "bnVsbA=="
        }
      ]
    },
    {
      "mode": "managed",
      "type": "aws_secretsmanager_secret",
      "name": "youtube_cookies",
      "provider": "provider[\"registry.terraform.io/hashicorp/aws\"]",
      "instances": [
        {
          "schema_version": 0,
          "attributes": {
            "arn": "arn:aws:secretsmanager:us-east-1:126623035404:secret:media-downloader/youtube-cookies-KSIhjQ",
            "description": "",
            "force_overwrite_replica_secret": false,
            "id": "arn:aws:secretsmanager:us-east-1:126623035404:secret:media-downloader/youtube-cookies-KSIhjQ",
            "kms_key_id": "",
            "name": "media-downloader/youtube-cookies",
            "name_prefix": "",
            "policy": "",
            "recovery_window_in_days": 0,
            "replica": [],
            "tags": {},
            "tags_all": {
              "ManagedBy": "terraform",
              "Project": "media-downloader-bot"
            }
          },
          "sensitive_attributes": [],
          "identity_schema_version": 0,
          "private": "bnVsbA=="
        }
      ]
    },
    {
      "mode": "managed",
      "type": "aws_secretsmanager_secret_version",
      "name": "instagram_cookies",
      "provider": "provider[\"registry.terraform.io/hashicorp/aws\"]",
      "instances": [
        {
          "schema_version": 0,
          "attributes": {
            "arn": "arn:aws:secretsmanager:us-east-1:126623035404:secret:media-downloader/instagram-cookies-bBpW2o",
            "has_secret_string_wo": null,
            "id": "arn:aws:secretsmanager:us-east-1:126623035404:secret:media-downloader/instagram-cookies-bBpW2o|terraform-20260110065429359900000002",
            "secret_binary": "",
            "secret_id": "arn:aws:secretsmanager:us-east-1:126623035404:secret:media-downloader/instagram-cookies-bBpW2o",
            "secret_string": "# Netscape HTTP Cookie File\n# This file is generated by Antigravity!  Do not edit.\n\n.instagram.comTRUE/TRUE1779179605fbm_124024574287414base_domain=.instagram.com\n.instagram.comTRUE/TRUE1789458317ig_did7A8660B0-1E1F-4159-879D-111533AD4535\n.instagram.comTRUE/TRUE1795945088datrf5r8aPSOOPfkNP6h0VKDU-vE\n.instagram.comTRUE/TRUE1797316339ps_l1\n.instagram.comTRUE/TRUE1797316339ps_n1\n.instagram.comTRUE/TRUE1798444466midaSK9sgAEAAGpbWsrllzhQr9aMMLQ\n.instagram.comTRUE/TRUE1801200403oov1\n.instagram.comTRUE/TRUE1768631747wd1710x898\n.instagram.comTRUE/TRUE1802586957csrftokenirZyZZMq0jLrkXtqrOf1lScVnEzEwVnH\n.instagram.comTRUE/TRUE1775802957ds_user_id80193401449\n.instagram.comTRUE/TRUE1799562944sessionid80193401449%3AP4LKDg0yz3W8fx%3A3%3AAYjyhS0DJl00K5saCj63UZC3-M3kN3ksT8e_ISULqg\n.instagram.comTRUE/TRUE1799562944rur\"VLL\\05480193401449\\0541799562957:01fee0fa90160d92c837fdeb8de62329c012ebbd58b18b156078aa7a916ce36a14183efb\"\n",
            "secret_string_wo": null,
            "secret_string_wo_version": null,
            "version_id": "terraform-20260110065429359900000002",
            "version_stages": [
              "AWSCURRENT"
            ]
          },
          "sensitive_attributes": [
            [
              {
                "type": "get_attr",
                "value": "secret_binary"
              }
            ],
            [
              {
                "type": "get_attr",
                "value": "secret_string"
              }
            ],
            [
              {
                "type": "get_attr",
                "value": "secret_string_wo"
              }
            ]
          ],
          "identity_schema_version": 0,
          "private": "bnVsbA==",
          "dependencies": [
            "aws_secretsmanager_secret.instagram_cookies"
          ]
        }
      ]
    },
    {
      "mode": "managed",
      "type": "aws_secretsmanager_secret_version",
      "name": "youtube_cookies",
      "provider": "provider[\"registry.terraform.io/hashicorp/aws\"]",
      "instances": [
        {
          "schema_version": 0,
          "attributes": {
            "arn": "arn:aws:secretsmanager:us-east-1:126623035404:secret:media-downloader/youtube-cookies-KSIhjQ",
            "has_secret_string_wo": null,
            "id": "arn:aws:secretsmanager:us-east-1:126623035404:secret:media-downloader/youtube-cookies-KSIhjQ|terraform-20260110072254369600000001",
            "secret_binary": "",
            "secret_id": "arn:aws:secretsmanager:us-east-1:126623035404:secret:media-downloader/youtube-cookies-KSIhjQ",
            "secret_string": "# Netscape HTTP Cookie File\n\n.youtube.com\tTRUE\t/\tTRUE\t1785069943\tSOCS\tCAISNQgDEitib3FfaWRlbnRpdHlmcm9udGVuZHVpc2VydmVyXzIwMjUwNjI1LjAwX3AwGgJlbiACGgYIgJvywgY\n.youtube.com\tTRUE\t/\tTRUE\t1802587937\tPREF\tf4=4000000\u0026f6=40000000\u0026tz=Asia.Bangkok\u0026f7=100\u0026f5=20000\n.youtube.com\tTRUE\t/\tFALSE\t1783264878\tSEARCH_SAMESITE\tCgQI658B\n.youtube.com\tTRUE\t/\tFALSE\t1802587936\tHSID\tA-1QlzfZpG3-9pxD6\n.youtube.com\tTRUE\t/\tTRUE\t1802587936\tSSID\tAiSu8294tYrc5uBn8\n.youtube.com\tTRUE\t/\tFALSE\t1802587936\tAPISID\tPMR9pVvLIpT2ME5B/Ah4EPjUcg8osq6B_c\n.youtube.com\tTRUE\t/\tTRUE\t1802587936\tSAPISID\t1xAWbd3fEWiYfDkF/AJxkWhGeyDcS_Mm5L\n.youtube.com\tTRUE\t/\tTRUE\t1802587936\t__Secure-1PAPISID\t1xAWbd3fEWiYfDkF/AJxkWhGeyDcS_Mm5L\n.youtube.com\tTRUE\t/\tTRUE\t1802587936\t__Secure-3PAPISID\t1xAWbd3fEWiYfDkF/AJxkWhGeyDcS_Mm5L\n.youtube.com\tTRUE\t/\tTRUE\t1768028052\tYTSESSION-1b\tANPz9KgcfifB+lC6+nkYEiI2+NzOgY0jxmk+qVaN1cH/Hcn8P8U87eXx9bvqyiKvqSaF6NleeOuhN22XqILzxo++j6+cG+fW20fGQjw=\n.youtube.com\tTRUE\t/\tTRUE\t1768029732\tGPS\t1\n.youtube.com\tTRUE\t/\tTRUE\t1799563933\t__Secure-1PSIDTS\tsidts-CjUBflaCddSD36TSzB6RWzbR6Q4o6XwVYGf_nOsyvn5xjLg6e4LuT8IAbvMxqhhR9igOSLlloBAA\n.youtube.com\tTRUE\t/\tTRUE\t1799563933\t__Secure-3PSIDTS\tsidts-CjUBflaCddSD36TSzB6RWzbR6Q4o6XwVYGf_nOsyvn5xjLg6e4LuT8IAbvMxqhhR9igOSLlloBAA\n.youtube.com\tTRUE\t/\tTRUE\t1802587935\tLOGIN_INFO\tAFmmF2swRgIhAJN_R79pq4zKb_GQT0Aj3_1RoT2wJ3RzUNaxvcUYXTIZAiEAmIcxkNls_V5WcCjZhCx-02lwpsfdLwkvoWpmM4CcrHM:QUQ3MjNmenpPZUloVWkzbExGaG54UGpYM2pWUkpLbXBINEkxVmlVNWJyOGtfLVNUMmEzOEZvanNISmRuaW9pdlRCSmdMS2luX3dGcG5iTTNkZi1lUFdVbThJS1FNOXppNGUyaTRBRkJVTUN5cU5QNFhwazNWbmhPV2VzRkljdjZmaXFBZlV4Y2pjYVVBTjVDZTd5dTZkMkRQNlJ4bEJJX0pR\n.youtube.com\tTRUE\t/\tTRUE\t1768028055\tYTSESSION-ezj5d1\tANPz9KjBTrleC0aptfP3A5ozxVXN4ET8JHIBqU96ZrNQsIQo7us+w8M7duq/J8ZYU7X5k5qhCCeLaUEb8RPsdLNS663dTZFOyrNRObs=\n.youtube.com\tTRUE\t/\tFALSE\t1802587936\tSID\tg.a0005gjnP-yA97gpx34gB4IFffkaJRca96pSRsiWI97dWgu7MYd5PqbbYeX6LKREIiqzk9DwewACgYKAZESARcSFQHGX2Mi_8htKyyStvUJUj1TK1DF1RoVAUF8yKpMLWumeqXognbKU5va2Q7_0076\n.youtube.com\tTRUE\t/\tTRUE\t1802587936\t__Secure-1PSID\tg.a0005gjnP-yA97gpx34gB4IFffkaJRca96pSRsiWI97dWgu7MYd5GaI0Pi6dSL14TflT9AfEZwACgYKASUSARcSFQHGX2MiT1oi0y85dQgeKRoiZohK-xoVAUF8yKqxTNZrTiiU2e7FvTo0VAFd0076\n.youtube.com\tTRUE\t/\tTRUE\t1802587936\t__Secure-3PSID\tg.a0005gjnP-yA97gpx34gB4IFffkaJRca96pSRsiWI97dWgu7MYd5gX48mcKaABmnRgOyTYAPRgACgYKAUASARcSFQHGX2Miz1wfna4XrnOSQQ35jFVNbhoVAUF8yKphifdYjDGWAsBUfrIL6Tvj0076\n.youtube.com\tTRUE\t/\tFALSE\t1799563939\tSIDCC\tAKEyXzXcXlVxNedkoKOJxQPTJXZ_uWwcErlpgptJKPqnsHoPp5LwPf5OKJOE-9c4a_b7mg8mKBk\n.youtube.com\tTRUE\t/\tTRUE\t1799563939\t__Secure-1PSIDCC\tAKEyXzWiMKJ5wqJWSkbkRlC_tFg9DYPGhscBtGwyM8UXb93aNRugYLAKDiohVA414NytHK2L7A\n.youtube.com\tTRUE\t/\tTRUE\t1799563939\t__Secure-3PSIDCC\tAKEyXzWmg_gQjKBWx74668eA4VklEu6dCD4WHrxZCQZ9i6_sDrVBbPvgkOVczeMzMCNZzHIeSw\n.youtube.com\tTRUE\t/\tTRUE\t1783579939\tVISITOR_INFO1_LIVE\tLsraUWCODFc\n.youtube.com\tTRUE\t/\tTRUE\t1783579939\tVISITOR_PRIVACY_METADATA\tCgJVUxIEGgAgQQ%3D%3D\n.youtube.com\tTRUE\t/\tTRUE\t0\tYSC\t0MTH5GprCuQ\n.youtube.com\tTRUE\t/\tTRUE\t1783515759\t__Secure-YNID\t15.YT=FcKFnBqMFeVXMiTllTwV94pACUbEDir7xKdGr3SnjjWQRvLdD2gsP-71eMwfj7sowsMp7e_AaaEmyq0ugEcps9e-1_cyMxBX6krRVYUK7OUXYeDsnf64KTF92I_ydWw5EdkpMwZgsS-Rwu-jqKpcnxh7dprlWbh-wKwdSemuyht7i2B3UXrlhzgmW2rYVUNC1Wecvr-eGaObizyh8mAlMFGa5IMeHdsWOKeDH3tnjjFAz2iKag6MaTHG81oOgIHdgbCMBmUv3t11geoCRpeKMr9k-apYGHQ2v7AK-50LgIUFueGr4ja4SEhRBiUHet1ZuUvMJI0OuNVQ_4u4pHyOXQ\n.youtube.com\tTRUE\t/\tTRUE\t1783515759\t__Secure-ROLLOUT_TOKEN\tCIuy3dDFiuzo9QEQiInhl-nViQMYxuHcnsL-kQM%3D\n",
            "secret_string_wo": null,
            "secret_string_wo_version": null,
            "version_id": "terraform-20260110072254369600000001",
            "version_stages": [
              "AWSCURRENT"
            ]
          },
          "sensitive_attributes": [
            [
              {
                "type": "get_attr",
                "value": "secret_binary"
              }
            ],
            [
              {
                "type": "get_attr",
                "value": "secret_string"
              }
            ],
            [
              {
                "type": "get_attr",
                "value": "secret_string_wo"
              }
            ]
          ],
          "identity_schema_version": 0,
          "private": "bnVsbA==",
          "dependencies": [
            "aws_secretsmanager_secret.youtube_cookies"
          ]
        }
      ]
    },
    {
      "mode": "managed",
      "type": "aws_sqs_queue",
      "name": "download_dlq",
      "provider": "provider[\"registry.terraform.io/hashicorp/aws\"]",
      "instances": [
        {
          "schema_version": 0,
          "attributes": {
            "arn": "arn:aws:sqs:us-east-1:126623035404:media-download-dlq",
            "content_based_deduplication": false,
            "deduplication_scope": "",
            "delay_seconds": 0,
            "fifo_queue": false,
            "fifo_throughput_limit": "",
            "id": "https://sqs.us-east-1.amazonaws.com/126623035404/media-download-dlq",
            "kms_data_key_reuse_period_seconds": 300,
            "kms_master_key_id": "",
            "max_message_size": 262144,
            "message_retention_seconds": 1209600,
            "name": "media-download-dlq",
            "name_prefix": "",
            "policy": "",
            "receive_wait_time_seconds": 0,
            "redrive_allow_policy": "",
            "redrive_policy": "",
            "sqs_managed_sse_enabled": true,
            "tags": {},
            "tags_all": {
              "ManagedBy": "terraform",
              "Project": "media-downloader-bot"
            },
            "timeouts": null,
            "url": "https://sqs.us-east-1.amazonaws.com/126623035404/media-download-dlq",
            "visibility_timeout_seconds": 30
          },
          "sensitive_attributes": [],
          "identity_schema_version": 0,
          "private": "eyJlMmJmYjczMC1lY2FhLTExZTYtOGY4OC0zNDM2M2JjN2M0YzAiOnsiY3JlYXRlIjoxODAwMDAwMDAwMDAsImRlbGV0ZSI6MTgwMDAwMDAwMDAwLCJ1cGRhdGUiOjE4MDAwMDAwMDAwMH19"
        }
      ]
    },
    {
      "mode": "managed",
      "type": "aws_sqs_queue",
      "name": "download_queue",
      "provider": "provider[\"registry.terraform.io/hashicorp/aws\"]",
      "instances": [
        {
          "schema_version": 0,
          "attributes": {
            "arn": "arn:aws:sqs:us-east-1:126623035404:media-download-queue",
            "content_based_deduplication": false,
            "deduplication_scope": "",
            "delay_seconds": 0,
            "fifo_queue": false,
            "fifo_throughput_limit": "",
            "id": "https://sqs.us-east-1.amazonaws.com/126623035404/media-download-queue",
            "kms_data_key_reuse_period_seconds": 300,
            "kms_master_key_id": "",
            "max_message_size": 262144,
            "message_retention_seconds": 86400,
            "name": "media-download-queue",
            "name_prefix": "",
            "policy": "",
            "receive_wait_time_seconds": 20,
            "redrive_allow_policy": "",
            "redrive_policy": "{\"deadLetterTargetArn\":\"arn:aws:sqs:us-east-1:126623035404:media-download-dlq\",\"maxReceiveCount\":3}",
            "sqs_managed_sse_enabled": true,
            "tags": {},
            "tags_all": {
              "ManagedBy": "terraform",
              "Project": "media-downloader-bot"
            },
            "timeouts": null,
            "url": "https://sqs.us-east-1.amazonaws.com/126623035404/media-download-queue",
            "visibility_timeout_seconds": 900
          },
          "sensitive_attributes": [],
          "identity_schema_version": 0,
          "private": "eyJlMmJmYjczMC1lY2FhLTExZTYtOGY4OC0zNDM2M2JjN2M0YzAiOnsiY3JlYXRlIjoxODAwMDAwMDAwMDAsImRlbGV0ZSI6MTgwMDAwMDAwMDAwLCJ1cGRhdGUiOjE4MDAwMDAwMDAwMH19"
        }
      ]
    },
    {
      "mode": "managed",
      "type": "aws_sqs_queue_redrive_policy",
      "name": "download_queue",
      "provider": "provider[\"registry.terraform.io/hashicorp/aws\"]",
      "instances": [
        {
          "schema_version": 0,
          "attributes": {
            "id": "https://sqs.us-east-1.amazonaws.com/126623035404/media-download-queue",
            "queue_url": "https://sqs.us-east-1.amazonaws.com/126623035404/media-download-queue",
            "redrive_policy": "{\"deadLetterTargetArn\":\"arn:aws:sqs:us-east-1:126623035404:media-download-dlq\",\"maxReceiveCount\":3}"
          },
          "sensitive_attributes": [],
          "identity_schema_version": 0,
          "private": "bnVsbA==",
          "dependencies": [
            "aws_sqs_queue.download_dlq",
            "aws_sqs_queue.download_queue"
          ]
        }
      ]
    }
  ],
  "check_results": null
}
